
Microsoft Visual Studio Solution File, Format Version 12.00
Project("{FAE04EC0-301F-11D3-BF4B-00C04F79EFBC}") = "ClickHouse.Migrate", "src\ClickHouse.Migrate\ClickHouse.Migrate.csproj", "{644B22CF-CC15-4CBB-9EC2-74CED31D2253}"
EndProject
Project("{2150E333-8FDC-42A3-9474-1A3956D46DE8}") = "Examples", "Examples", "{6FE5CBE4-6D36-4C55-8A7E-884377FB0410}"
EndProject
Project("{FAE04EC0-301F-11D3-BF4B-00C04F79EFBC}") = "Example", "examples\Example\Example.csproj", "{8C97DA0A-6CFB-4E05-8B84-A12226C95A87}"
EndProject
Global
	GlobalSection(SolutionConfigurationPlatforms) = preSolution
		Debug|Any CPU = Debug|Any CPU
		Release|Any CPU = Release|Any CPU
	EndGlobalSection
	GlobalSection(ProjectConfigurationPlatforms) = postSolution
		{644B22CF-CC15-4CBB-9EC2-74CED31D2253}.Debug|Any CPU.ActiveCfg = Debug|Any CPU
		{644B22CF-CC15-4CBB-9EC2-74CED31D2253}.Debug|Any CPU.Build.0 = Debug|Any CPU
		{644B22CF-CC15-4CBB-9EC2-74CED31D2253}.Release|Any CPU.ActiveCfg = Release|Any CPU
		{644B22CF-CC15-4CBB-9EC2-74CED31D2253}.Release|Any CPU.Build.0 = Release|Any CPU
		{8C97DA0A-6CFB-4E05-8B84-A12226C95A87}.Debug|Any CPU.ActiveCfg = Debug|Any CPU
		{8C97DA0A-6CFB-4E05-8B84-A12226C95A87}.Debug|Any CPU.Build.0 = Debug|Any CPU
		{8C97DA0A-6CFB-4E05-8B84-A12226C95A87}.Release|Any CPU.ActiveCfg = Release|Any CPU
		{8C97DA0A-6CFB-4E05-8B84-A12226C95A87}.Release|Any CPU.Build.0 = Release|Any CPU
	EndGlobalSection
	GlobalSection(NestedProjects) = preSolution
		{8C97DA0A-6CFB-4E05-8B84-A12226C95A87} = {6FE5CBE4-6D36-4C55-8A7E-884377FB0410}
	EndGlobalSection
EndGlobal
